
Microsoft Visual Studio Solution File, Format Version 12.00
# Visual Studio Version 16
VisualStudioVersion = 16.0.29306.81
MinimumVisualStudioVersion = 10.0.40219.1
Project("{FAE04EC0-301F-11D3-BF4B-00C04F79EFBC}") = "Sokoban", "Sokoban\Sokoban.csproj", "{BC9DDDBA-4F30-428F-B333-5D0A2F1AF77E}"
EndProject
Global
	GlobalSection(SolutionConfigurationPlatforms) = preSolution
		Debug|Any CPU = Debug|Any CPU
		Release|Any CPU = Release|Any CPU
	EndGlobalSection
	GlobalSection(ProjectConfigurationPlatforms) = postSolution
		{BC9DDDBA-4F30-428F-B333-5D0A2F1AF77E}.Debug|Any CPU.ActiveCfg = Debug|Any CPU
		{BC9DDDBA-4F30-428F-B333-5D0A2F1AF77E}.Debug|Any CPU.Build.0 = Debug|Any CPU
		{BC9DDDBA-4F30-428F-B333-5D0A2F1AF77E}.Release|Any CPU.ActiveCfg = Release|Any CPU
		{BC9DDDBA-4F30-428F-B333-5D0A2F1AF77E}.Release|Any CPU.Build.0 = Release|Any CPU
	EndGlobalSection
	GlobalSection(SolutionProperties) = preSolution
		HideSolutionNode = FALSE
	EndGlobalSection
	GlobalSection(ExtensibilityGlobals) = postSolution
		SolutionGuid = {6CD07FF8-16D0-4B25-B5BB-B28698012471}
	EndGlobalSection
EndGlobal
